
Microsoft Visual Studio Solution File, Format Version 12.00
# Visual Studio Version 16
VisualStudioVersion = 16.0.30406.217
MinimumVisualStudioVersion = 10.0.40219.1
Project("{FAE04EC0-301F-11D3-BF4B-00C04F79EFBC}") = "HæveAutomatenNet", "HæveAutomatenNet\HæveAutomatenNet.csproj", "{5F411334-06AF-413C-A1D3-8AABF5C28DB1}"
EndProject
Project("{FAE04EC0-301F-11D3-BF4B-00C04F79EFBC}") = "HæveAutomatenNet.Tests", "HæveAutomatenNet.Tests\HæveAutomatenNet.Tests.csproj", "{8430DA87-22CA-4F86-8F08-BDDBF032CB20}"
EndProject
Global
	GlobalSection(SolutionConfigurationPlatforms) = preSolution
		Debug|Any CPU = Debug|Any CPU
		Release|Any CPU = Release|Any CPU
	EndGlobalSection
	GlobalSection(ProjectConfigurationPlatforms) = postSolution
		{5F411334-06AF-413C-A1D3-8AABF5C28DB1}.Debug|Any CPU.ActiveCfg = Debug|Any CPU
		{5F411334-06AF-413C-A1D3-8AABF5C28DB1}.Debug|Any CPU.Build.0 = Debug|Any CPU
		{5F411334-06AF-413C-A1D3-8AABF5C28DB1}.Release|Any CPU.ActiveCfg = Release|Any CPU
		{5F411334-06AF-413C-A1D3-8AABF5C28DB1}.Release|Any CPU.Build.0 = Release|Any CPU
		{8430DA87-22CA-4F86-8F08-BDDBF032CB20}.Debug|Any CPU.ActiveCfg = Debug|Any CPU
		{8430DA87-22CA-4F86-8F08-BDDBF032CB20}.Debug|Any CPU.Build.0 = Debug|Any CPU
		{8430DA87-22CA-4F86-8F08-BDDBF032CB20}.Release|Any CPU.ActiveCfg = Release|Any CPU
		{8430DA87-22CA-4F86-8F08-BDDBF032CB20}.Release|Any CPU.Build.0 = Release|Any CPU
	EndGlobalSection
	GlobalSection(SolutionProperties) = preSolution
		HideSolutionNode = FALSE
	EndGlobalSection
	GlobalSection(ExtensibilityGlobals) = postSolution
		SolutionGuid = {0EF6CFA2-F6BD-44AD-B542-5A65EAF564BD}
	EndGlobalSection
EndGlobal
